<?xml version="1.0" encoding="utf-8"?>
<Project ToolsVersion="4.0" xmlns="http://schemas.microsoft.com/developer/msbuild/2003">
  <ItemGroup>
    <Filter Include="Source Files">
      <UniqueIdentifier>{4FC737F1-C7A5-4376-A066-2A32D752A2FF}</UniqueIdentifier>
      <Extensions>cpp;c;cc;cxx;c++;cppm;ixx;def;odl;idl;hpj;bat;asm;asmx</Extensions>
    </Filter>
    <Filter Include="Header Files">
      <UniqueIdentifier>{93995380-89BD-4b04-88EB-625FBE52EBFB}</UniqueIdentifier>
      <Extensions>h;hh;hpp;hxx;h++;hm;inl;inc;ipp;xsd</Extensions>
    </Filter>
    <Filter Include="Resource Files">
      <UniqueIdentifier>{67DA6AB6-F800-4c08-8B7A-83BB121AAD01}</UniqueIdentifier>
      <Extensions>rc;ico;cur;bmp;dlg;rc2;rct;bin;rgs;gif;jpg;jpeg;jpe;resx;tiff;tif;png;wav;mfcribbon-ms</Extensions>
    </Filter>
    <Filter Include="Header Files\Properties">
      <UniqueIdentifier>{ef0ae05e-1ac3-4e05-9e9f-5c3baee8830e}</UniqueIdentifier>
    </Filter>
    <Filter Include="Source Files\Properties">
      <UniqueIdentifier>{fc4f67ee-53b8-4325-835b-c5104612531b}</UniqueIdentifier>
    </Filter>
  </ItemGroup>
  <ItemGroup>
    <ClInclude Include="Code\Headers\SFUIL\UIPanel.hpp">
      <Filter>Header Files</Filter>
    </ClInclude>
    <ClInclude Include="Code\Headers\SFUIL\System\Exports.hpp">
      <Filter>Header Files</Filter>
    </ClInclude>
    <ClInclude Include="Code\Headers\SFUIL\System\PanelAnchor.hpp">
      <Filter>Header Files</Filter>
    </ClInclude>
    <ClInclude Include="Code\Headers\SFUIL\UIElement.hpp">
      <Filter>Header Files</Filter>
    </ClInclude>
    <ClInclude Include="Code\Headers\SFUIL\Containers\UIVisualContainer.hpp">
      <Filter>Header Files</Filter>
    </ClInclude>
    <ClInclude Include="Code\Headers\SFUIL\Graphics\RoundedRectangle.hpp">
      <Filter>Header Files</Filter>
    </ClInclude>
    <ClInclude Include="Code\Headers\SFUIL\Containers\UIImage.hpp">
      <Filter>Header Files</Filter>
    </ClInclude>
    <ClInclude Include="Code\Headers\SFUIL\XMLExport.hpp">
      <Filter>Header Files</Filter>
    </ClInclude>
    <ClInclude Include="Code\Headers\SFUIL\System\Properties\Property.hpp">
      <Filter>Header Files</Filter>
    </ClInclude>
    <ClInclude Include="Code\Headers\SFUIL\System\Properties\OpacityProperty.hpp">
      <Filter>Header Files\Properties</Filter>
    </ClInclude>
    <ClInclude Include="Code\Headers\SFUIL\System\Properties\DisplayProperty.hpp">
      <Filter>Header Files\Properties</Filter>
    </ClInclude>
    <ClInclude Include="Code\Headers\SFUIL\System\Properties\VisibilityProperty.hpp">
      <Filter>Header Files\Properties</Filter>
    </ClInclude>
    <ClInclude Include="Code\Headers\SFUIL\System\Properties\PositionProperty.hpp">
      <Filter>Header Files\Properties</Filter>
    </ClInclude>
    <ClInclude Include="Code\Headers\SFUIL\System\Properties\FlexProperty.hpp">
      <Filter>Header Files\Properties</Filter>
    </ClInclude>
    <ClInclude Include="Code\Headers\SFUIL\System\Properties\AlignProperty.hpp">
      <Filter>Header Files\Properties</Filter>
    </ClInclude>
    <ClInclude Include="Code\Headers\SFUIL\System\Properties\SizeProperty.hpp">
      <Filter>Header Files\Properties</Filter>
    </ClInclude>
    <ClInclude Include="Code\Headers\SFUIL\System\Properties\SpacingProperty.hpp">
      <Filter>Header Files\Properties</Filter>
    </ClInclude>
    <ClInclude Include="Code\Headers\SFUIL\System\Properties\BackgroundProperty.hpp">
      <Filter>Header Files\Properties</Filter>
    </ClInclude>
    <ClInclude Include="Code\Headers\SFUIL\System\Properties\BorderProperty.hpp">
      <Filter>Header Files\Properties</Filter>
    </ClInclude>
    <ClInclude Include="Code\Headers\SFUIL\System\Properties\TransformProperty.hpp">
      <Filter>Header Files\Properties</Filter>
    </ClInclude>
    <ClInclude Include="Code\Headers\SFUIL\System\Properties\ImageProperty.hpp">
      <Filter>Header Files\Properties</Filter>
    </ClInclude>
    <ClInclude Include="Code\Headers\SFUIL\System\UIPropUtils.hpp">
      <Filter>Header Files</Filter>
    </ClInclude>
    <ClInclude Include="Code\Headers\SFUIL\System\Properties.hpp">
      <Filter>Header Files</Filter>
    </ClInclude>
    <ClInclude Include="Code\Headers\SFUIL\XMLImport.hpp">
      <Filter>Header Files</Filter>
    </ClInclude>
    <ClInclude Include="Code\Headers\SFUIL\System\Length.hpp">
      <Filter>Header Files</Filter>
    </ClInclude>
    <ClInclude Include="Code\Headers\SFUIL\System\StyleData\StylePropertyId.hpp">
      <Filter>Header Files</Filter>
    </ClInclude>
    <ClInclude Include="Code\Headers\SFUIL\System\StyleData\StyleKeyword.hpp">
      <Filter>Header Files</Filter>
    </ClInclude>
    <ClInclude Include="Code\Headers\SFUIL\System\StyleData\PropertyData\LayoutData.hpp">
      <Filter>Header Files</Filter>
    </ClInclude>
    <ClInclude Include="Code\Headers\SFUIL\System\StyleData\PropertyData\StyleEnumList.hpp">
      <Filter>Header Files</Filter>
    </ClInclude>
    <ClInclude Include="Code\Headers\SFUIL\System\StyleData\StyleValue.hpp">
      <Filter>Header Files</Filter>
    </ClInclude>
    <ClInclude Include="Code\Headers\SFUIL\System\StyleData\StyleValues\StyleFloat.hpp">
      <Filter>Header Files</Filter>
    </ClInclude>
    <ClInclude Include="Code\Headers\SFUIL\System\StyleData\StyleValues\StyleEnum.hpp">
      <Filter>Header Files</Filter>
    </ClInclude>
    <ClInclude Include="Code\Headers\SFUIL\System\StyleData\StyleValues\StyleColor.hpp">
      <Filter>Header Files</Filter>
    </ClInclude>
    <ClInclude Include="Code\Headers\SFUIL\System\StyleData\StyleValues\StyleLength.hpp">
      <Filter>Header Files</Filter>
    </ClInclude>
    <ClInclude Include="Code\Headers\SFUIL\System\StyleData\StyleValues\StyleInt.hpp">
      <Filter>Header Files</Filter>
    </ClInclude>
    <ClInclude Include="Code\Headers\SFUIL\System\StyleData\PropertyData\InheritedData.hpp">
      <Filter>Header Files</Filter>
    </ClInclude>
    <ClInclude Include="Code\Headers\SFUIL\System\StyleData\PropertyData\RareData.hpp">
      <Filter>Header Files</Filter>
    </ClInclude>
    <ClInclude Include="Code\Headers\SFUIL\System\StyleData\PropertyData\TransformData.hpp">
      <Filter>Header Files</Filter>
    </ClInclude>
    <ClInclude Include="Code\Headers\SFUIL\System\StyleData\PropertyData\VisualData.hpp">
      <Filter>Header Files</Filter>
    </ClInclude>
  </ItemGroup>
  <ItemGroup>
    <ClCompile Include="Code\Cpps\UIPanel.cpp">
      <Filter>Source Files</Filter>
    </ClCompile>
    <ClCompile Include="Code\Cpps\PanelAnchor.cpp">
      <Filter>Source Files</Filter>
    </ClCompile>
    <ClCompile Include="Code\Cpps\UIElement.cpp">
      <Filter>Source Files</Filter>
    </ClCompile>
    <ClCompile Include="Code\Cpps\UIVisualContainer.cpp">
      <Filter>Source Files</Filter>
    </ClCompile>
    <ClCompile Include="Code\Cpps\RoundedRectangle.cpp">
      <Filter>Source Files</Filter>
    </ClCompile>
    <ClCompile Include="Code\Cpps\UIImage.cpp">
      <Filter>Source Files</Filter>
    </ClCompile>
    <ClCompile Include="Code\Cpps\XMLExport.cpp">
      <Filter>Source Files</Filter>
    </ClCompile>
    <ClCompile Include="Code\Cpps\Properties\AlignProperty.cpp">
      <Filter>Source Files\Properties</Filter>
    </ClCompile>
    <ClCompile Include="Code\Cpps\Properties\BackgroundProperty.cpp">
      <Filter>Source Files\Properties</Filter>
    </ClCompile>
    <ClCompile Include="Code\Cpps\Properties\BorderProperty.cpp">
      <Filter>Source Files\Properties</Filter>
    </ClCompile>
    <ClCompile Include="Code\Cpps\Properties\DisplayProperty.cpp">
      <Filter>Source Files\Properties</Filter>
    </ClCompile>
    <ClCompile Include="Code\Cpps\Properties\FlexProperty.cpp">
      <Filter>Source Files\Properties</Filter>
    </ClCompile>
    <ClCompile Include="Code\Cpps\Properties\ImageProperty.cpp">
      <Filter>Source Files\Properties</Filter>
    </ClCompile>
    <ClCompile Include="Code\Cpps\Properties\OpacityProperty.cpp">
      <Filter>Source Files\Properties</Filter>
    </ClCompile>
    <ClCompile Include="Code\Cpps\Properties\PositionProperty.cpp">
      <Filter>Source Files\Properties</Filter>
    </ClCompile>
    <ClCompile Include="Code\Cpps\Properties\SizeProperty.cpp">
      <Filter>Source Files\Properties</Filter>
    </ClCompile>
    <ClCompile Include="Code\Cpps\Properties\SpacingProperty.cpp">
      <Filter>Source Files\Properties</Filter>
    </ClCompile>
    <ClCompile Include="Code\Cpps\Properties\TransformProperty.cpp">
      <Filter>Source Files\Properties</Filter>
    </ClCompile>
    <ClCompile Include="Code\Cpps\Properties\VisibilityProperty.cpp">
      <Filter>Source Files\Properties</Filter>
    </ClCompile>
    <ClCompile Include="Code\Cpps\UIPropUtils.cpp">
      <Filter>Source Files</Filter>
    </ClCompile>
    <ClCompile Include="Code\Cpps\XMLImport.cpp">
      <Filter>Source Files</Filter>
    </ClCompile>
    <ClCompile Include="Code\Cpps\Length.cpp">
      <Filter>Source Files</Filter>
    </ClCompile>
    <ClCompile Include="Code\Cpps\StyleFloat.cpp">
      <Filter>Source Files</Filter>
    </ClCompile>
    <ClCompile Include="Code\Cpps\StyleColor.cpp">
      <Filter>Source Files</Filter>
    </ClCompile>
    <ClCompile Include="Code\Cpps\StyleLength.cpp">
      <Filter>Source Files</Filter>
    </ClCompile>
    <ClCompile Include="Code\Cpps\StyleInt.cpp">
      <Filter>Source Files</Filter>
    </ClCompile>
  </ItemGroup>
</Project>